
Microsoft Visual Studio Solution File, Format Version 12.00
# Visual Studio 2012
Project("{FAE04EC0-301F-11D3-BF4B-00C04F79EFBC}") = "PPT_To_Latex", "PPT_To_Latex\PPT_To_Latex.csproj", "{F44BEBCA-A0EC-45D6-A810-8A5532FD8E8F}"
EndProject
Global
	GlobalSection(SolutionConfigurationPlatforms) = preSolution
		Debug|Any CPU = Debug|Any CPU
		Release|Any CPU = Release|Any CPU
	EndGlobalSection
	GlobalSection(ProjectConfigurationPlatforms) = postSolution
		{F44BEBCA-A0EC-45D6-A810-8A5532FD8E8F}.Debug|Any CPU.ActiveCfg = Debug|Any CPU
		{F44BEBCA-A0EC-45D6-A810-8A5532FD8E8F}.Debug|Any CPU.Build.0 = Debug|Any CPU
		{F44BEBCA-A0EC-45D6-A810-8A5532FD8E8F}.Release|Any CPU.ActiveCfg = Release|Any CPU
		{F44BEBCA-A0EC-45D6-A810-8A5532FD8E8F}.Release|Any CPU.Build.0 = Release|Any CPU
	EndGlobalSection
	GlobalSection(SolutionProperties) = preSolution
		HideSolutionNode = FALSE
	EndGlobalSection
EndGlobal
